
Microsoft Visual Studio Solution File, Format Version 12.00
# Visual Studio Version 17
VisualStudioVersion = 17.6.33626.354
MinimumVisualStudioVersion = 10.0.40219.1
Project("{9A19103F-16F7-4668-BE54-9A1E7A4F7556}") = "HelloWorldApp", "HelloWorldApp\HelloWorldApp.csproj", "{9AD087F3-C1CB-4D90-A859-83F84FDBC1BC}"
EndProject
Project("{9A19103F-16F7-4668-BE54-9A1E7A4F7556}") = "VARS", "VARS\VARS.csproj", "{5E96FAA6-7D9A-4A84-9EC1-D8FC60D942CA}"
EndProject
Project("{9A19103F-16F7-4668-BE54-9A1E7A4F7556}") = "IFEL", "IFEL\IFEL.csproj", "{971B0A14-663E-49B2-9448-C60CF65094CB}"
EndProject
Project("{FAE04EC0-301F-11D3-BF4B-00C04F79EFBC}") = "TMD1", "TMD1\TMD1.csproj", "{75DFA182-8C37-43FE-99A2-6D3AAC1E4D32}"
EndProject
Global
	GlobalSection(SolutionConfigurationPlatforms) = preSolution
		Debug|Any CPU = Debug|Any CPU
		Release|Any CPU = Release|Any CPU
	EndGlobalSection
	GlobalSection(ProjectConfigurationPlatforms) = postSolution
		{9AD087F3-C1CB-4D90-A859-83F84FDBC1BC}.Debug|Any CPU.ActiveCfg = Debug|Any CPU
		{9AD087F3-C1CB-4D90-A859-83F84FDBC1BC}.Debug|Any CPU.Build.0 = Debug|Any CPU
		{9AD087F3-C1CB-4D90-A859-83F84FDBC1BC}.Release|Any CPU.ActiveCfg = Release|Any CPU
		{9AD087F3-C1CB-4D90-A859-83F84FDBC1BC}.Release|Any CPU.Build.0 = Release|Any CPU
		{5E96FAA6-7D9A-4A84-9EC1-D8FC60D942CA}.Debug|Any CPU.ActiveCfg = Debug|Any CPU
		{5E96FAA6-7D9A-4A84-9EC1-D8FC60D942CA}.Debug|Any CPU.Build.0 = Debug|Any CPU
		{5E96FAA6-7D9A-4A84-9EC1-D8FC60D942CA}.Release|Any CPU.ActiveCfg = Release|Any CPU
		{5E96FAA6-7D9A-4A84-9EC1-D8FC60D942CA}.Release|Any CPU.Build.0 = Release|Any CPU
		{971B0A14-663E-49B2-9448-C60CF65094CB}.Debug|Any CPU.ActiveCfg = Debug|Any CPU
		{971B0A14-663E-49B2-9448-C60CF65094CB}.Debug|Any CPU.Build.0 = Debug|Any CPU
		{971B0A14-663E-49B2-9448-C60CF65094CB}.Release|Any CPU.ActiveCfg = Release|Any CPU
		{971B0A14-663E-49B2-9448-C60CF65094CB}.Release|Any CPU.Build.0 = Release|Any CPU
		{75DFA182-8C37-43FE-99A2-6D3AAC1E4D32}.Debug|Any CPU.ActiveCfg = Debug|Any CPU
		{75DFA182-8C37-43FE-99A2-6D3AAC1E4D32}.Debug|Any CPU.Build.0 = Debug|Any CPU
		{75DFA182-8C37-43FE-99A2-6D3AAC1E4D32}.Release|Any CPU.ActiveCfg = Release|Any CPU
		{75DFA182-8C37-43FE-99A2-6D3AAC1E4D32}.Release|Any CPU.Build.0 = Release|Any CPU
	EndGlobalSection
	GlobalSection(SolutionProperties) = preSolution
		HideSolutionNode = FALSE
	EndGlobalSection
	GlobalSection(ExtensibilityGlobals) = postSolution
		SolutionGuid = {FA59832F-915F-4D63-A11C-F4061402B878}
	EndGlobalSection
EndGlobal
